{
  "name": "yt-sample-gen",
  "lockfileVersion": 3,
  "requires": true,
  "packages": {
    "": {
      "dependencies": {
        "@tanstack/react-query-devtools": "^5.13.3"
      }
    },
    "node_modules/@tanstack/query-core": {
      "version": "5.12.1",
      "resolved": "https://registry.npmjs.org/@tanstack/query-core/-/query-core-5.12.1.tgz",
      "integrity": "sha512-WbZztNmKq0t6QjdNmHzezbi/uifYo9j6e2GLJkodsYaYUlzMbAp91RDyeHkIZrm7EfO4wa6Sm5sxJZm5SPlh6w==",
      "peer": true,
      "funding": {
        "type": "github",
        "url": "https://github.com/sponsors/tannerlinsley"
      }
    },
    "node_modules/@tanstack/query-devtools": {
      "version": "5.13.3",
      "resolved": "https://registry.npmjs.org/@tanstack/query-devtools/-/query-devtools-5.13.3.tgz",
      "integrity": "sha512-1acztPKZexvM9Ns2T0aq4rMVSDA3VGdB73KF7zT/KNVl6VfnBvs24wuIRVSPZKqyZznZTzT3/DzcpntYqg9hmw==",
      "funding": {
        "type": "github",
        "url": "https://github.com/sponsors/tannerlinsley"
      }
    },
    "node_modules/@tanstack/react-query": {
      "version": "5.12.2",
      "resolved": "https://registry.npmjs.org/@tanstack/react-query/-/react-query-5.12.2.tgz",
      "integrity": "sha512-BeWZu8zVFH20oRc+S/K9ADPgWjEzP/XQCGBNz5IbApUwPQAdwkQYbXODVL5AyAlWiSxhx+P2xlARPBApj2Yrog==",
      "peer": true,
      "dependencies": {
        "@tanstack/query-core": "5.12.1"
      },
      "funding": {
        "type": "github",
        "url": "https://github.com/sponsors/tannerlinsley"
      },
      "peerDependencies": {
        "react": "^18.0.0"
      }
    },
    "node_modules/@tanstack/react-query-devtools": {
      "version": "5.13.3",
      "resolved": "https://registry.npmjs.org/@tanstack/react-query-devtools/-/react-query-devtools-5.13.3.tgz",
      "integrity": "sha512-ct58CMRrcjANRWCQ6cxzSUtme2jlX5au63+ckhMONob8bIk5VRfUEi4R49AWNJFL5haTBKe0InC0AV4bWi75VQ==",
      "dependencies": {
        "@tanstack/query-devtools": "5.13.3"
      },
      "funding": {
        "type": "github",
        "url": "https://github.com/sponsors/tannerlinsley"
      },
      "peerDependencies": {
        "@tanstack/react-query": "^5.12.2",
        "react": "^18.0.0"
      }
    },
    "node_modules/js-tokens": {
      "version": "4.0.0",
      "resolved": "https://registry.npmjs.org/js-tokens/-/js-tokens-4.0.0.tgz",
      "integrity": "sha512-RdJUflcE3cUzKiMqQgsCu06FPu9UdIJO0beYbPhHN4k6apgJtifcoCtT9bcxOpYBtpD2kCM6Sbzg4CausW/PKQ==",
      "peer": true
    },
    "node_modules/loose-envify": {
      "version": "1.4.0",
      "resolved": "https://registry.npmjs.org/loose-envify/-/loose-envify-1.4.0.tgz",
      "integrity": "sha512-lyuxPGr/Wfhrlem2CL/UcnUc1zcqKAImBDzukY7Y5F/yQiNdko6+fRLevlw1HgMySw7f611UIY408EtxRSoK3Q==",
      "peer": true,
      "dependencies": {
        "js-tokens": "^3.0.0 || ^4.0.0"
      },
      "bin": {
        "loose-envify": "cli.js"
      }
    },
    "node_modules/react": {
      "version": "18.2.0",
      "resolved": "https://registry.npmjs.org/react/-/react-18.2.0.tgz",
      "integrity": "sha512-/3IjMdb2L9QbBdWiW5e3P2/npwMBaU9mHCSCUzNln0ZCYbcfTsGbTJrU/kGemdH2IWmB2ioZ+zkxtmq6g09fGQ==",
      "peer": true,
      "dependencies": {
        "loose-envify": "^1.1.0"
      },
      "engines": {
        "node": ">=0.10.0"
      }
    }
  }
}
